// !$*UTF8*$!
{
	archiveVersion = 1;
	classes = {
	};
	objectVersion = 51;
	objects = {

/* Begin PBXBuildFile section */
		8B8265B369371333C9102AF8 /* Pods_music.framework in Frameworks */ = {isa = PBXBuildFile; fileRef = 943C4D855FBE902DD896D35F /* Pods_music.framework */; };
		D042E88B2459020700ABD3F1 /* ViewController.swift in Sources */ = {isa = PBXBuildFile; fileRef = D042E88A2459020700ABD3F1 /* ViewController.swift */; };
		D044EB0B24579140002CEBF9 /* PlayerDetailView.swift in Sources */ = {isa = PBXBuildFile; fileRef = D044EB0924579140002CEBF9 /* PlayerDetailView.swift */; };
		D044EB0C24579140002CEBF9 /* PlayerDetailView.xib in Resources */ = {isa = PBXBuildFile; fileRef = D044EB0A24579140002CEBF9 /* PlayerDetailView.xib */; };
		D04555AC244CE56F00216870 /* ApiConfiguration.swift in Sources */ = {isa = PBXBuildFile; fileRef = D04555AB244CE56F00216870 /* ApiConfiguration.swift */; };
		D04555AE244CE65900216870 /* ApiRouter.swift in Sources */ = {isa = PBXBuildFile; fileRef = D04555AD244CE65900216870 /* ApiRouter.swift */; };
		D0458D902459A472005735FB /* allGenereCell.swift in Sources */ = {isa = PBXBuildFile; fileRef = D0458D8F2459A472005735FB /* allGenereCell.swift */; };
		D04769E5244E2DE600DFF368 /* CMTime.swift in Sources */ = {isa = PBXBuildFile; fileRef = D04769E4244E2DE600DFF368 /* CMTime.swift */; };
		D04769E7244E2F2600DFF368 /* String.swift in Sources */ = {isa = PBXBuildFile; fileRef = D04769E6244E2F2600DFF368 /* String.swift */; };
		D047A64524574F470068A71C /* MainTabBar.swift in Sources */ = {isa = PBXBuildFile; fileRef = D047A64424574F470068A71C /* MainTabBar.swift */; };
		D071E0AA244C721000A29DED /* constants.swift in Sources */ = {isa = PBXBuildFile; fileRef = D071E0A9244C721000A29DED /* constants.swift */; };
		D071E0AC244C76BA00A29DED /* Extenstion.swift in Sources */ = {isa = PBXBuildFile; fileRef = D071E0AB244C76BA00A29DED /* Extenstion.swift */; };
		D085583F24971E9F0029E0C1 /* ChartsTrack.xib in Resources */ = {isa = PBXBuildFile; fileRef = D085583E24971E9F0029E0C1 /* ChartsTrack.xib */; };
		D0855841249720340029E0C1 /* ChartsTrack.swift in Sources */ = {isa = PBXBuildFile; fileRef = D0855840249720340029E0C1 /* ChartsTrack.swift */; };
		D0967242244CE8D400EE9B36 /* ApiClient.swift in Sources */ = {isa = PBXBuildFile; fileRef = D0967241244CE8D400EE9B36 /* ApiClient.swift */; };
		D0967250244CFAB100EE9B36 /* AlbumModel.swift in Sources */ = {isa = PBXBuildFile; fileRef = D096724F244CFAB100EE9B36 /* AlbumModel.swift */; };
		D0967252244CFF4400EE9B36 /* ArtistModel.swift in Sources */ = {isa = PBXBuildFile; fileRef = D0967251244CFF4400EE9B36 /* ArtistModel.swift */; };
		D0967254244D043300EE9B36 /* GenreModel.swift in Sources */ = {isa = PBXBuildFile; fileRef = D0967253244D043300EE9B36 /* GenreModel.swift */; };
		D0967256244D060B00EE9B36 /* User.swift in Sources */ = {isa = PBXBuildFile; fileRef = D0967255244D060B00EE9B36 /* User.swift */; };
		D09786FD244F3B5A00F49B26 /* SearchCell.swift in Sources */ = {isa = PBXBuildFile; fileRef = D09786FB244F3B5A00F49B26 /* SearchCell.swift */; };
		D09786FE244F3B5A00F49B26 /* SearchCell.xib in Resources */ = {isa = PBXBuildFile; fileRef = D09786FC244F3B5A00F49B26 /* SearchCell.xib */; };
		D0D57526244B796400C778C2 /* AppDelegate.swift in Sources */ = {isa = PBXBuildFile; fileRef = D0D57525244B796400C778C2 /* AppDelegate.swift */; };
		D0D57528244B796400C778C2 /* SceneDelegate.swift in Sources */ = {isa = PBXBuildFile; fileRef = D0D57527244B796400C778C2 /* SceneDelegate.swift */; };
		D0D5752A244B796400C778C2 /* SearchTracks.swift in Sources */ = {isa = PBXBuildFile; fileRef = D0D57529244B796400C778C2 /* SearchTracks.swift */; };
		D0D5752F244B796900C778C2 /* Assets.xcassets in Resources */ = {isa = PBXBuildFile; fileRef = D0D5752E244B796900C778C2 /* Assets.xcassets */; };
		D0D57532244B796900C778C2 /* LaunchScreen.storyboard in Resources */ = {isa = PBXBuildFile; fileRef = D0D57530244B796900C778C2 /* LaunchScreen.storyboard */; };
		D0FDE938244E07810083505E /* SearchModel.swift in Sources */ = {isa = PBXBuildFile; fileRef = D0FDE937244E07810083505E /* SearchModel.swift */; };
/* End PBXBuildFile section */

/* Begin PBXFileReference section */
		88483A402CB5E9DE5B5976E8 /* Pods-music.debug.xcconfig */ = {isa = PBXFileReference; includeInIndex = 1; lastKnownFileType = text.xcconfig; name = "Pods-music.debug.xcconfig"; path = "Target Support Files/Pods-music/Pods-music.debug.xcconfig"; sourceTree = "<group>"; };
		943C4D855FBE902DD896D35F /* Pods_music.framework */ = {isa = PBXFileReference; explicitFileType = wrapper.framework; includeInIndex = 0; path = Pods_music.framework; sourceTree = BUILT_PRODUCTS_DIR; };
		CD6FEEFA32B26C9A3C3E9CE3 /* Pods-music.release.xcconfig */ = {isa = PBXFileReference; includeInIndex = 1; lastKnownFileType = text.xcconfig; name = "Pods-music.release.xcconfig"; path = "Target Support Files/Pods-music/Pods-music.release.xcconfig"; sourceTree = "<group>"; };
		D042E88A2459020700ABD3F1 /* ViewController.swift */ = {isa = PBXFileReference; lastKnownFileType = sourcecode.swift; path = ViewController.swift; sourceTree = "<group>"; };
		D044EB0924579140002CEBF9 /* PlayerDetailView.swift */ = {isa = PBXFileReference; lastKnownFileType = sourcecode.swift; path = PlayerDetailView.swift; sourceTree = "<group>"; };
		D044EB0A24579140002CEBF9 /* PlayerDetailView.xib */ = {isa = PBXFileReference; lastKnownFileType = file.xib; path = PlayerDetailView.xib; sourceTree = "<group>"; };
		D04555AB244CE56F00216870 /* ApiConfiguration.swift */ = {isa = PBXFileReference; lastKnownFileType = sourcecode.swift; path = ApiConfiguration.swift; sourceTree = "<group>"; };
		D04555AD244CE65900216870 /* ApiRouter.swift */ = {isa = PBXFileReference; lastKnownFileType = sourcecode.swift; path = ApiRouter.swift; sourceTree = "<group>"; };
		D0458D8F2459A472005735FB /* allGenereCell.swift */ = {isa = PBXFileReference; lastKnownFileType = sourcecode.swift; path = allGenereCell.swift; sourceTree = "<group>"; };
		D04769E4244E2DE600DFF368 /* CMTime.swift */ = {isa = PBXFileReference; lastKnownFileType = sourcecode.swift; path = CMTime.swift; sourceTree = "<group>"; };
		D04769E6244E2F2600DFF368 /* String.swift */ = {isa = PBXFileReference; lastKnownFileType = sourcecode.swift; path = String.swift; sourceTree = "<group>"; };
		D047A64424574F470068A71C /* MainTabBar.swift */ = {isa = PBXFileReference; lastKnownFileType = sourcecode.swift; path = MainTabBar.swift; sourceTree = "<group>"; };
		D071E0A9244C721000A29DED /* constants.swift */ = {isa = PBXFileReference; lastKnownFileType = sourcecode.swift; path = constants.swift; sourceTree = "<group>"; };
		D071E0AB244C76BA00A29DED /* Extenstion.swift */ = {isa = PBXFileReference; lastKnownFileType = sourcecode.swift; path = Extenstion.swift; sourceTree = "<group>"; };
		D085583E24971E9F0029E0C1 /* ChartsTrack.xib */ = {isa = PBXFileReference; lastKnownFileType = file.xib; path = ChartsTrack.xib; sourceTree = "<group>"; };
		D0855840249720340029E0C1 /* ChartsTrack.swift */ = {isa = PBXFileReference; lastKnownFileType = sourcecode.swift; path = ChartsTrack.swift; sourceTree = "<group>"; };
		D0967241244CE8D400EE9B36 /* ApiClient.swift */ = {isa = PBXFileReference; lastKnownFileType = sourcecode.swift; path = ApiClient.swift; sourceTree = "<group>"; };
		D096724F244CFAB100EE9B36 /* AlbumModel.swift */ = {isa = PBXFileReference; lastKnownFileType = sourcecode.swift; path = AlbumModel.swift; sourceTree = "<group>"; };
		D0967251244CFF4400EE9B36 /* ArtistModel.swift */ = {isa = PBXFileReference; lastKnownFileType = sourcecode.swift; path = ArtistModel.swift; sourceTree = "<group>"; };
		D0967253244D043300EE9B36 /* GenreModel.swift */ = {isa = PBXFileReference; lastKnownFileType = sourcecode.swift; path = GenreModel.swift; sourceTree = "<group>"; };
		D0967255244D060B00EE9B36 /* User.swift */ = {isa = PBXFileReference; lastKnownFileType = sourcecode.swift; path = User.swift; sourceTree = "<group>"; };
		D09786FB244F3B5A00F49B26 /* SearchCell.swift */ = {isa = PBXFileReference; lastKnownFileType = sourcecode.swift; path = SearchCell.swift; sourceTree = "<group>"; };
		D09786FC244F3B5A00F49B26 /* SearchCell.xib */ = {isa = PBXFileReference; lastKnownFileType = file.xib; path = SearchCell.xib; sourceTree = "<group>"; };
		D0D57522244B796400C778C2 /* music.app */ = {isa = PBXFileReference; explicitFileType = wrapper.application; includeInIndex = 0; path = music.app; sourceTree = BUILT_PRODUCTS_DIR; };
		D0D57525244B796400C778C2 /* AppDelegate.swift */ = {isa = PBXFileReference; lastKnownFileType = sourcecode.swift; path = AppDelegate.swift; sourceTree = "<group>"; };
		D0D57527244B796400C778C2 /* SceneDelegate.swift */ = {isa = PBXFileReference; lastKnownFileType = sourcecode.swift; path = SceneDelegate.swift; sourceTree = "<group>"; };
		D0D57529244B796400C778C2 /* SearchTracks.swift */ = {isa = PBXFileReference; lastKnownFileType = sourcecode.swift; path = SearchTracks.swift; sourceTree = "<group>"; };
		D0D5752E244B796900C778C2 /* Assets.xcassets */ = {isa = PBXFileReference; lastKnownFileType = folder.assetcatalog; path = Assets.xcassets; sourceTree = "<group>"; };
		D0D57531244B796900C778C2 /* Base */ = {isa = PBXFileReference; lastKnownFileType = file.storyboard; name = Base; path = Base.lproj/LaunchScreen.storyboard; sourceTree = "<group>"; };
		D0D57533244B796900C778C2 /* Info.plist */ = {isa = PBXFileReference; lastKnownFileType = text.plist.xml; path = Info.plist; sourceTree = "<group>"; };
		D0FDE937244E07810083505E /* SearchModel.swift */ = {isa = PBXFileReference; lastKnownFileType = sourcecode.swift; path = SearchModel.swift; sourceTree = "<group>"; };
/* End PBXFileReference section */

/* Begin PBXFrameworksBuildPhase section */
		D0D5751F244B796400C778C2 /* Frameworks */ = {
			isa = PBXFrameworksBuildPhase;
			buildActionMask = 2147483647;
			files = (
				8B8265B369371333C9102AF8 /* Pods_music.framework in Frameworks */,
			);
			runOnlyForDeploymentPostprocessing = 0;
		};
/* End PBXFrameworksBuildPhase section */

/* Begin PBXGroup section */
		D042E8872458FD5E00ABD3F1 /* Controller */ = {
			isa = PBXGroup;
			children = (
				D042E88A2459020700ABD3F1 /* ViewController.swift */,
				D047A64424574F470068A71C /* MainTabBar.swift */,
				D0D57529244B796400C778C2 /* SearchTracks.swift */,
			);
			path = Controller;
			sourceTree = "<group>";
		};
		D04769E1244E2C8D00DFF368 /* View */ = {
			isa = PBXGroup;
			children = (
				D09786FB244F3B5A00F49B26 /* SearchCell.swift */,
				D09786FC244F3B5A00F49B26 /* SearchCell.xib */,
				D044EB0924579140002CEBF9 /* PlayerDetailView.swift */,
				D044EB0A24579140002CEBF9 /* PlayerDetailView.xib */,
				D0458D8F2459A472005735FB /* allGenereCell.swift */,
				D085583E24971E9F0029E0C1 /* ChartsTrack.xib */,
				D0855840249720340029E0C1 /* ChartsTrack.swift */,
			);
			path = View;
			sourceTree = "<group>";
		};
		D04769E3244E2CCB00DFF368 /* Extenstion */ = {
			isa = PBXGroup;
			children = (
				D071E0AB244C76BA00A29DED /* Extenstion.swift */,
				D04769E4244E2DE600DFF368 /* CMTime.swift */,
				D04769E6244E2F2600DFF368 /* String.swift */,
			);
			path = Extenstion;
			sourceTree = "<group>";
		};
		D071E0A6244C717F00A29DED /* Network */ = {
			isa = PBXGroup;
			children = (
				D04555AB244CE56F00216870 /* ApiConfiguration.swift */,
				D04555AD244CE65900216870 /* ApiRouter.swift */,
				D0967241244CE8D400EE9B36 /* ApiClient.swift */,
			);
			path = Network;
			sourceTree = "<group>";
		};
		D071E0AD244C791B00A29DED /* Models */ = {
			isa = PBXGroup;
			children = (
				D0FDE937244E07810083505E /* SearchModel.swift */,
				D096724F244CFAB100EE9B36 /* AlbumModel.swift */,
				D0967251244CFF4400EE9B36 /* ArtistModel.swift */,
				D0967253244D043300EE9B36 /* GenreModel.swift */,
				D0967255244D060B00EE9B36 /* User.swift */,
			);
			path = Models;
			sourceTree = "<group>";
		};
		D0D57519244B796400C778C2 = {
			isa = PBXGroup;
			children = (
				D0D57524244B796400C778C2 /* music */,
				D0D57523244B796400C778C2 /* Products */,
				E7F908F0EEF23220A3C8B8C0 /* Pods */,
				D9BA37AA5654D929499D51DB /* Frameworks */,
			);
			sourceTree = "<group>";
		};
		D0D57523244B796400C778C2 /* Products */ = {
			isa = PBXGroup;
			children = (
				D0D57522244B796400C778C2 /* music.app */,
			);
			name = Products;
			sourceTree = "<group>";
		};
		D0D57524244B796400C778C2 /* music */ = {
			isa = PBXGroup;
			children = (
				D071E0A6244C717F00A29DED /* Network */,
				D04769E3244E2CCB00DFF368 /* Extenstion */,
				D071E0AD244C791B00A29DED /* Models */,
				D04769E1244E2C8D00DFF368 /* View */,
				D042E8872458FD5E00ABD3F1 /* Controller */,
				D0D57525244B796400C778C2 /* AppDelegate.swift */,
				D0D57527244B796400C778C2 /* SceneDelegate.swift */,
				D0D5752E244B796900C778C2 /* Assets.xcassets */,
				D0D57530244B796900C778C2 /* LaunchScreen.storyboard */,
				D0D57533244B796900C778C2 /* Info.plist */,
				D071E0A9244C721000A29DED /* constants.swift */,
			);
			path = music;
			sourceTree = "<group>";
		};
		D9BA37AA5654D929499D51DB /* Frameworks */ = {
			isa = PBXGroup;
			children = (
				943C4D855FBE902DD896D35F /* Pods_music.framework */,
			);
			name = Frameworks;
			sourceTree = "<group>";
		};
		E7F908F0EEF23220A3C8B8C0 /* Pods */ = {
			isa = PBXGroup;
			children = (
				88483A402CB5E9DE5B5976E8 /* Pods-music.debug.xcconfig */,
				CD6FEEFA32B26C9A3C3E9CE3 /* Pods-music.release.xcconfig */,
			);
			path = Pods;
			sourceTree = "<group>";
		};
/* End PBXGroup section */

/* Begin PBXNativeTarget section */
		D0D57521244B796400C778C2 /* music */ = {
			isa = PBXNativeTarget;
			buildConfigurationList = D0D57536244B796900C778C2 /* Build configuration list for PBXNativeTarget "music" */;
			buildPhases = (
				CE062CD7488D1F8122E12E25 /* [CP] Check Pods Manifest.lock */,
				D0D5751E244B796400C778C2 /* Sources */,
				D0D5751F244B796400C778C2 /* Frameworks */,
				D0D57520244B796400C778C2 /* Resources */,
				D205353E7DA77DB427812226 /* [CP] Embed Pods Frameworks */,
			);
			buildRules = (
			);
			dependencies = (
			);
			name = music;
			productName = music;
			productReference = D0D57522244B796400C778C2 /* music.app */;
			productType = "com.apple.product-type.application";
		};
/* End PBXNativeTarget section */

/* Begin PBXProject section */
		D0D5751A244B796400C778C2 /* Project object */ = {
			isa = PBXProject;
			attributes = {
				LastSwiftUpdateCheck = 1140;
				LastUpgradeCheck = 1140;
				ORGANIZATIONNAME = "Ahmed Ragab";
				TargetAttributes = {
					D0D57521244B796400C778C2 = {
						CreatedOnToolsVersion = 11.4;
					};
				};
			};
			buildConfigurationList = D0D5751D244B796400C778C2 /* Build configuration list for PBXProject "music" */;
			compatibilityVersion = "Xcode 9.3";
			developmentRegion = en;
			hasScannedForEncodings = 0;
			knownRegions = (
				en,
				Base,
			);
			mainGroup = D0D57519244B796400C778C2;
			productRefGroup = D0D57523244B796400C778C2 /* Products */;
			projectDirPath = "";
			projectRoot = "";
			targets = (
				D0D57521244B796400C778C2 /* music */,
			);
		};
/* End PBXProject section */

/* Begin PBXResourcesBuildPhase section */
		D0D57520244B796400C778C2 /* Resources */ = {
			isa = PBXResourcesBuildPhase;
			buildActionMask = 2147483647;
			files = (
				D044EB0C24579140002CEBF9 /* PlayerDetailView.xib in Resources */,
				D0D57532244B796900C778C2 /* LaunchScreen.storyboard in Resources */,
				D085583F24971E9F0029E0C1 /* ChartsTrack.xib in Resources */,
				D09786FE244F3B5A00F49B26 /* SearchCell.xib in Resources */,
				D0D5752F244B796900C778C2 /* Assets.xcassets in Resources */,
			);
			runOnlyForDeploymentPostprocessing = 0;
		};
/* End PBXResourcesBuildPhase section */

/* Begin PBXShellScriptBuildPhase section */
		CE062CD7488D1F8122E12E25 /* [CP] Check Pods Manifest.lock */ = {
			isa = PBXShellScriptBuildPhase;
			buildActionMask = 2147483647;
			files = (
			);
			inputFileListPaths = (
			);
			inputPaths = (
				"${PODS_PODFILE_DIR_PATH}/Podfile.lock",
				"${PODS_ROOT}/Manifest.lock",
			);
			name = "[CP] Check Pods Manifest.lock";
			outputFileListPaths = (
			);
			outputPaths = (
				"$(DERIVED_FILE_DIR)/Pods-music-checkManifestLockResult.txt",
			);
			runOnlyForDeploymentPostprocessing = 0;
			shellPath = /bin/sh;
			shellScript = "diff \"${PODS_PODFILE_DIR_PATH}/Podfile.lock\" \"${PODS_ROOT}/Manifest.lock\" > /dev/null\nif [ $? != 0 ] ; then\n    # print error to STDERR\n    echo \"error: The sandbox is not in sync with the Podfile.lock. Run 'pod install' or update your CocoaPods installation.\" >&2\n    exit 1\nfi\n# This output is used by Xcode 'outputs' to avoid re-running this script phase.\necho \"SUCCESS\" > \"${SCRIPT_OUTPUT_FILE_0}\"\n";
			showEnvVarsInLog = 0;
		};
		D205353E7DA77DB427812226 /* [CP] Embed Pods Frameworks */ = {
			isa = PBXShellScriptBuildPhase;
			buildActionMask = 2147483647;
			files = (
			);
			inputFileListPaths = (
				"${PODS_ROOT}/Target Support Files/Pods-music/Pods-music-frameworks-${CONFIGURATION}-input-files.xcfilelist",
			);
			name = "[CP] Embed Pods Frameworks";
			outputFileListPaths = (
				"${PODS_ROOT}/Target Support Files/Pods-music/Pods-music-frameworks-${CONFIGURATION}-output-files.xcfilelist",
			);
			runOnlyForDeploymentPostprocessing = 0;
			shellPath = /bin/sh;
			shellScript = "\"${PODS_ROOT}/Target Support Files/Pods-music/Pods-music-frameworks.sh\"\n";
			showEnvVarsInLog = 0;
		};
/* End PBXShellScriptBuildPhase section */

/* Begin PBXSourcesBuildPhase section */
		D0D5751E244B796400C778C2 /* Sources */ = {
			isa = PBXSourcesBuildPhase;
			buildActionMask = 2147483647;
			files = (
				D04769E5244E2DE600DFF368 /* CMTime.swift in Sources */,
				D0458D902459A472005735FB /* allGenereCell.swift in Sources */,
				D0967256244D060B00EE9B36 /* User.swift in Sources */,
				D0D5752A244B796400C778C2 /* SearchTracks.swift in Sources */,
				D042E88B2459020700ABD3F1 /* ViewController.swift in Sources */,
				D09786FD244F3B5A00F49B26 /* SearchCell.swift in Sources */,
				D0FDE938244E07810083505E /* SearchModel.swift in Sources */,
				D0967250244CFAB100EE9B36 /* AlbumModel.swift in Sources */,
				D047A64524574F470068A71C /* MainTabBar.swift in Sources */,
				D0D57526244B796400C778C2 /* AppDelegate.swift in Sources */,
				D071E0AC244C76BA00A29DED /* Extenstion.swift in Sources */,
				D0967242244CE8D400EE9B36 /* ApiClient.swift in Sources */,
				D071E0AA244C721000A29DED /* constants.swift in Sources */,
				D0855841249720340029E0C1 /* ChartsTrack.swift in Sources */,
				D04769E7244E2F2600DFF368 /* String.swift in Sources */,
				D04555AC244CE56F00216870 /* ApiConfiguration.swift in Sources */,
				D044EB0B24579140002CEBF9 /* PlayerDetailView.swift in Sources */,
				D0967252244CFF4400EE9B36 /* ArtistModel.swift in Sources */,
				D0967254244D043300EE9B36 /* GenreModel.swift in Sources */,
				D0D57528244B796400C778C2 /* SceneDelegate.swift in Sources */,
				D04555AE244CE65900216870 /* ApiRouter.swift in Sources */,
			);
			runOnlyForDeploymentPostprocessing = 0;
		};
/* End PBXSourcesBuildPhase section */

/* Begin PBXVariantGroup section */
		D0D57530244B796900C778C2 /* LaunchScreen.storyboard */ = {
			isa = PBXVariantGroup;
			children = (
				D0D57531244B796900C778C2 /* Base */,
			);
			name = LaunchScreen.storyboard;
			sourceTree = "<group>";
		};
/* End PBXVariantGroup section */

/* Begin XCBuildConfiguration section */
		D0D57534244B796900C778C2 /* Debug */ = {
			isa = XCBuildConfiguration;
			buildSettings = {
				ALWAYS_SEARCH_USER_PATHS = NO;
				CLANG_ANALYZER_NONNULL = YES;
				CLANG_ANALYZER_NUMBER_OBJECT_CONVERSION = YES_AGGRESSIVE;
				CLANG_CXX_LANGUAGE_STANDARD = "gnu++14";
				CLANG_CXX_LIBRARY = "libc++";
				CLANG_ENABLE_MODULES = YES;
				CLANG_ENABLE_OBJC_ARC = YES;
				CLANG_ENABLE_OBJC_WEAK = YES;
				CLANG_WARN_BLOCK_CAPTURE_AUTORELEASING = YES;
				CLANG_WARN_BOOL_CONVERSION = YES;
				CLANG_WARN_COMMA = YES;
				CLANG_WARN_CONSTANT_CONVERSION = YES;
				CLANG_WARN_DEPRECATED_OBJC_IMPLEMENTATIONS = YES;
				CLANG_WARN_DIRECT_OBJC_ISA_USAGE = YES_ERROR;
				CLANG_WARN_DOCUMENTATION_COMMENTS = YES;
				CLANG_WARN_EMPTY_BODY = YES;
				CLANG_WARN_ENUM_CONVERSION = YES;
				CLANG_WARN_INFINITE_RECURSION = YES;
				CLANG_WARN_INT_CONVERSION = YES;
				CLANG_WARN_NON_LITERAL_NULL_CONVERSION = YES;
				CLANG_WARN_OBJC_IMPLICIT_RETAIN_SELF = YES;
				CLANG_WARN_OBJC_LITERAL_CONVERSION = YES;
				CLANG_WARN_OBJC_ROOT_CLASS = YES_ERROR;
				CLANG_WARN_RANGE_LOOP_ANALYSIS = YES;
				CLANG_WARN_STRICT_PROTOTYPES = YES;
				CLANG_WARN_SUSPICIOUS_MOVE = YES;
				CLANG_WARN_UNGUARDED_AVAILABILITY = YES_AGGRESSIVE;
				CLANG_WARN_UNREACHABLE_CODE = YES;
				CLANG_WARN__DUPLICATE_METHOD_MATCH = YES;
				COPY_PHASE_STRIP = NO;
				DEBUG_INFORMATION_FORMAT = dwarf;
				ENABLE_STRICT_OBJC_MSGSEND = YES;
				ENABLE_TESTABILITY = YES;
				GCC_C_LANGUAGE_STANDARD = gnu11;
				GCC_DYNAMIC_NO_PIC = NO;
				GCC_NO_COMMON_BLOCKS = YES;
				GCC_OPTIMIZATION_LEVEL = 0;
				GCC_PREPROCESSOR_DEFINITIONS = (
					"DEBUG=1",
					"$(inherited)",
				);
				GCC_WARN_64_TO_32_BIT_CONVERSION = YES;
				GCC_WARN_ABOUT_RETURN_TYPE = YES_ERROR;
				GCC_WARN_UNDECLARED_SELECTOR = YES;
				GCC_WARN_UNINITIALIZED_AUTOS = YES_AGGRESSIVE;
				GCC_WARN_UNUSED_FUNCTION = YES;
				GCC_WARN_UNUSED_VARIABLE = YES;
				IPHONEOS_DEPLOYMENT_TARGET = 13.4;
				MTL_ENABLE_DEBUG_INFO = INCLUDE_SOURCE;
				MTL_FAST_MATH = YES;
				ONLY_ACTIVE_ARCH = YES;
				SDKROOT = iphoneos;
				SWIFT_ACTIVE_COMPILATION_CONDITIONS = DEBUG;
				SWIFT_OPTIMIZATION_LEVEL = "-Onone";
			};
			name = Debug;
		};
		D0D57535244B796900C778C2 /* Release */ = {
			isa = XCBuildConfiguration;
			buildSettings = {
				ALWAYS_SEARCH_USER_PATHS = NO;
				CLANG_ANALYZER_NONNULL = YES;
				CLANG_ANALYZER_NUMBER_OBJECT_CONVERSION = YES_AGGRESSIVE;
				CLANG_CXX_LANGUAGE_STANDARD = "gnu++14";
				CLANG_CXX_LIBRARY = "libc++";
				CLANG_ENABLE_MODULES = YES;
				CLANG_ENABLE_OBJC_ARC = YES;
				CLANG_ENABLE_OBJC_WEAK = YES;
				CLANG_WARN_BLOCK_CAPTURE_AUTORELEASING = YES;
				CLANG_WARN_BOOL_CONVERSION = YES;
				CLANG_WARN_COMMA = YES;
				CLANG_WARN_CONSTANT_CONVERSION = YES;
				CLANG_WARN_DEPRECATED_OBJC_IMPLEMENTATIONS = YES;
				CLANG_WARN_DIRECT_OBJC_ISA_USAGE = YES_ERROR;
				CLANG_WARN_DOCUMENTATION_COMMENTS = YES;
				CLANG_WARN_EMPTY_BODY = YES;
				CLANG_WARN_ENUM_CONVERSION = YES;
				CLANG_WARN_INFINITE_RECURSION = YES;
				CLANG_WARN_INT_CONVERSION = YES;
				CLANG_WARN_NON_LITERAL_NULL_CONVERSION = YES;
				CLANG_WARN_OBJC_IMPLICIT_RETAIN_SELF = YES;
				CLANG_WARN_OBJC_LITERAL_CONVERSION = YES;
				CLANG_WARN_OBJC_ROOT_CLASS = YES_ERROR;
				CLANG_WARN_RANGE_LOOP_ANALYSIS = YES;
				CLANG_WARN_STRICT_PROTOTYPES = YES;
				CLANG_WARN_SUSPICIOUS_MOVE = YES;
				CLANG_WARN_UNGUARDED_AVAILABILITY = YES_AGGRESSIVE;
				CLANG_WARN_UNREACHABLE_CODE = YES;
				CLANG_WARN__DUPLICATE_METHOD_MATCH = YES;
				COPY_PHASE_STRIP = NO;
				DEBUG_INFORMATION_FORMAT = "dwarf-with-dsym";
				ENABLE_NS_ASSERTIONS = NO;
				ENABLE_STRICT_OBJC_MSGSEND = YES;
				GCC_C_LANGUAGE_STANDARD = gnu11;
				GCC_NO_COMMON_BLOCKS = YES;
				GCC_WARN_64_TO_32_BIT_CONVERSION = YES;
				GCC_WARN_ABOUT_RETURN_TYPE = YES_ERROR;
				GCC_WARN_UNDECLARED_SELECTOR = YES;
				GCC_WARN_UNINITIALIZED_AUTOS = YES_AGGRESSIVE;
				GCC_WARN_UNUSED_FUNCTION = YES;
				GCC_WARN_UNUSED_VARIABLE = YES;
				IPHONEOS_DEPLOYMENT_TARGET = 13.4;
				MTL_ENABLE_DEBUG_INFO = NO;
				MTL_FAST_MATH = YES;
				SDKROOT = iphoneos;
				SWIFT_COMPILATION_MODE = wholemodule;
				SWIFT_OPTIMIZATION_LEVEL = "-O";
				VALIDATE_PRODUCT = YES;
			};
			name = Release;
		};
		D0D57537244B796900C778C2 /* Debug */ = {
			isa = XCBuildConfiguration;
			baseConfigurationReference = 88483A402CB5E9DE5B5976E8 /* Pods-music.debug.xcconfig */;
			buildSettings = {
				ASSETCATALOG_COMPILER_APPICON_NAME = AppIcon;
				CODE_SIGN_STYLE = Automatic;
				INFOPLIST_FILE = music/Info.plist;
				LD_RUNPATH_SEARCH_PATHS = (
					"$(inherited)",
					"@executable_path/Frameworks",
				);
				PRODUCT_BUNDLE_IDENTIFIER = com.ahmed.Ragab.music;
				PRODUCT_NAME = "$(TARGET_NAME)";
				SWIFT_VERSION = 5.0;
				TARGETED_DEVICE_FAMILY = "1,2";
			};
			name = Debug;
		};
		D0D57538244B796900C778C2 /* Release */ = {
			isa = XCBuildConfiguration;
			baseConfigurationReference = CD6FEEFA32B26C9A3C3E9CE3 /* Pods-music.release.xcconfig */;
			buildSettings = {
				ASSETCATALOG_COMPILER_APPICON_NAME = AppIcon;
				CODE_SIGN_STYLE = Automatic;
				INFOPLIST_FILE = music/Info.plist;
				LD_RUNPATH_SEARCH_PATHS = (
					"$(inherited)",
					"@executable_path/Frameworks",
				);
				PRODUCT_BUNDLE_IDENTIFIER = com.ahmed.Ragab.music;
				PRODUCT_NAME = "$(TARGET_NAME)";
				SWIFT_VERSION = 5.0;
				TARGETED_DEVICE_FAMILY = "1,2";
			};
			name = Release;
		};
/* End XCBuildConfiguration section */

/* Begin XCConfigurationList section */
		D0D5751D244B796400C778C2 /* Build configuration list for PBXProject "music" */ = {
			isa = XCConfigurationList;
			buildConfigurations = (
				D0D57534244B796900C778C2 /* Debug */,
				D0D57535244B796900C778C2 /* Release */,
			);
			defaultConfigurationIsVisible = 0;
			defaultConfigurationName = Release;
		};
		D0D57536244B796900C778C2 /* Build configuration list for PBXNativeTarget "music" */ = {
			isa = XCConfigurationList;
			buildConfigurations = (
				D0D57537244B796900C778C2 /* Debug */,
				D0D57538244B796900C778C2 /* Release */,
			);
			defaultConfigurationIsVisible = 0;
			defaultConfigurationName = Release;
		};
/* End XCConfigurationList section */
	};
	rootObject = D0D5751A244B796400C778C2 /* Project object */;
}
